// !$*UTF8*$!
{
	archiveVersion = 1;
	classes = {
	};
	objectVersion = 50;
	objects = {

/* Begin PBXBuildFile section */
		21E1093D212ADA96007688AB /* AppDelegate.swift in Sources */ = {isa = PBXBuildFile; fileRef = 21E1093C212ADA96007688AB /* AppDelegate.swift */; };
		21E1093F212ADA96007688AB /* ViewController.swift in Sources */ = {isa = PBXBuildFile; fileRef = 21E1093E212ADA96007688AB /* ViewController.swift */; };
		21E10942212ADA96007688AB /* Main.storyboard in Resources */ = {isa = PBXBuildFile; fileRef = 21E10940212ADA96007688AB /* Main.storyboard */; };
		21E10944212ADA97007688AB /* Assets.xcassets in Resources */ = {isa = PBXBuildFile; fileRef = 21E10943212ADA97007688AB /* Assets.xcassets */; };
		21E10947212ADA98007688AB /* LaunchScreen.storyboard in Resources */ = {isa = PBXBuildFile; fileRef = 21E10945212ADA98007688AB /* LaunchScreen.storyboard */; };
		21E10953212AE34C007688AB /* Emoticons.plist in Resources */ = {isa = PBXBuildFile; fileRef = 21E10952212AE34C007688AB /* Emoticons.plist */; };
/* End PBXBuildFile section */

/* Begin PBXFileReference section */
		21E10939212ADA96007688AB /* GroupedNotif.app */ = {isa = PBXFileReference; explicitFileType = wrapper.application; includeInIndex = 0; path = GroupedNotif.app; sourceTree = BUILT_PRODUCTS_DIR; };
		21E1093C212ADA96007688AB /* AppDelegate.swift */ = {isa = PBXFileReference; lastKnownFileType = sourcecode.swift; path = AppDelegate.swift; sourceTree = "<group>"; };
		21E1093E212ADA96007688AB /* ViewController.swift */ = {isa = PBXFileReference; lastKnownFileType = sourcecode.swift; path = ViewController.swift; sourceTree = "<group>"; };
		21E10941212ADA96007688AB /* Base */ = {isa = PBXFileReference; lastKnownFileType = file.storyboard; name = Base; path = Base.lproj/Main.storyboard; sourceTree = "<group>"; };
		21E10943212ADA97007688AB /* Assets.xcassets */ = {isa = PBXFileReference; lastKnownFileType = folder.assetcatalog; path = Assets.xcassets; sourceTree = "<group>"; };
		21E10946212ADA98007688AB /* Base */ = {isa = PBXFileReference; lastKnownFileType = file.storyboard; name = Base; path = Base.lproj/LaunchScreen.storyboard; sourceTree = "<group>"; };
		21E10948212ADA98007688AB /* Info.plist */ = {isa = PBXFileReference; lastKnownFileType = text.plist.xml; path = Info.plist; sourceTree = "<group>"; };
		21E10952212AE34C007688AB /* Emoticons.plist */ = {isa = PBXFileReference; fileEncoding = 4; lastKnownFileType = text.plist.xml; path = Emoticons.plist; sourceTree = "<group>"; };
/* End PBXFileReference section */

/* Begin PBXFrameworksBuildPhase section */
		21E10936212ADA96007688AB /* Frameworks */ = {
			isa = PBXFrameworksBuildPhase;
			buildActionMask = 2147483647;
			files = (
			);
			runOnlyForDeploymentPostprocessing = 0;
		};
/* End PBXFrameworksBuildPhase section */

/* Begin PBXGroup section */
		21E10930212ADA96007688AB = {
			isa = PBXGroup;
			children = (
				21E1093B212ADA96007688AB /* GroupedNotif */,
				21E1093A212ADA96007688AB /* Products */,
			);
			sourceTree = "<group>";
		};
		21E1093A212ADA96007688AB /* Products */ = {
			isa = PBXGroup;
			children = (
				21E10939212ADA96007688AB /* GroupedNotif.app */,
			);
			name = Products;
			sourceTree = "<group>";
		};
		21E1093B212ADA96007688AB /* GroupedNotif */ = {
			isa = PBXGroup;
			children = (
				21E1094E212AE2F9007688AB /* Code */,
				21E10945212ADA98007688AB /* LaunchScreen.storyboard */,
				21E10948212ADA98007688AB /* Info.plist */,
				21E1094F212AE2FE007688AB /* Resources */,
			);
			path = GroupedNotif;
			sourceTree = "<group>";
		};
		21E1094E212AE2F9007688AB /* Code */ = {
			isa = PBXGroup;
			children = (
				21E10950212AE313007688AB /* AppDelegate */,
				21E10951212AE31C007688AB /* Controllers */,
			);
			path = Code;
			sourceTree = "<group>";
		};
		21E1094F212AE2FE007688AB /* Resources */ = {
			isa = PBXGroup;
			children = (
				21E10943212ADA97007688AB /* Assets.xcassets */,
				21E10952212AE34C007688AB /* Emoticons.plist */,
			);
			path = Resources;
			sourceTree = "<group>";
		};
		21E10950212AE313007688AB /* AppDelegate */ = {
			isa = PBXGroup;
			children = (
				21E1093C212ADA96007688AB /* AppDelegate.swift */,
			);
			path = AppDelegate;
			sourceTree = "<group>";
		};
		21E10951212AE31C007688AB /* Controllers */ = {
			isa = PBXGroup;
			children = (
				21E10940212ADA96007688AB /* Main.storyboard */,
				21E1093E212ADA96007688AB /* ViewController.swift */,
			);
			path = Controllers;
			sourceTree = "<group>";
		};
/* End PBXGroup section */

/* Begin PBXNativeTarget section */
		21E10938212ADA96007688AB /* GroupedNotif */ = {
			isa = PBXNativeTarget;
			buildConfigurationList = 21E1094B212ADA98007688AB /* Build configuration list for PBXNativeTarget "GroupedNotif" */;
			buildPhases = (
				21E10935212ADA96007688AB /* Sources */,
				21E10936212ADA96007688AB /* Frameworks */,
				21E10937212ADA96007688AB /* Resources */,
			);
			buildRules = (
			);
			dependencies = (
			);
			name = GroupedNotif;
			productName = GroupedNotif;
			productReference = 21E10939212ADA96007688AB /* GroupedNotif.app */;
			productType = "com.apple.product-type.application";
		};
/* End PBXNativeTarget section */

/* Begin PBXProject section */
		21E10931212ADA96007688AB /* Project object */ = {
			isa = PBXProject;
			attributes = {
				LastSwiftUpdateCheck = 1000;
				LastUpgradeCheck = 1000;
				ORGANIZATIONNAME = Wiwi;
				TargetAttributes = {
					21E10938212ADA96007688AB = {
						CreatedOnToolsVersion = 10.0;
					};
				};
			};
			buildConfigurationList = 21E10934212ADA96007688AB /* Build configuration list for PBXProject "GroupedNotif" */;
			compatibilityVersion = "Xcode 9.3";
			developmentRegion = en;
			hasScannedForEncodings = 0;
			knownRegions = (
				en,
				Base,
			);
			mainGroup = 21E10930212ADA96007688AB;
			productRefGroup = 21E1093A212ADA96007688AB /* Products */;
			projectDirPath = "";
			projectRoot = "";
			targets = (
				21E10938212ADA96007688AB /* GroupedNotif */,
			);
		};
/* End PBXProject section */

/* Begin PBXResourcesBuildPhase section */
		21E10937212ADA96007688AB /* Resources */ = {
			isa = PBXResourcesBuildPhase;
			buildActionMask = 2147483647;
			files = (
				21E10947212ADA98007688AB /* LaunchScreen.storyboard in Resources */,
				21E10944212ADA97007688AB /* Assets.xcassets in Resources */,
				21E10953212AE34C007688AB /* Emoticons.plist in Resources */,
				21E10942212ADA96007688AB /* Main.storyboard in Resources */,
			);
			runOnlyForDeploymentPostprocessing = 0;
		};
/* End PBXResourcesBuildPhase section */

/* Begin PBXSourcesBuildPhase section */
		21E10935212ADA96007688AB /* Sources */ = {
			isa = PBXSourcesBuildPhase;
			buildActionMask = 2147483647;
			files = (
				21E1093F212ADA96007688AB /* ViewController.swift in Sources */,
				21E1093D212ADA96007688AB /* AppDelegate.swift in Sources */,
			);
			runOnlyForDeploymentPostprocessing = 0;
		};
/* End PBXSourcesBuildPhase section */

/* Begin PBXVariantGroup section */
		21E10940212ADA96007688AB /* Main.storyboard */ = {
			isa = PBXVariantGroup;
			children = (
				21E10941212ADA96007688AB /* Base */,
			);
			name = Main.storyboard;
			sourceTree = "<group>";
		};
		21E10945212ADA98007688AB /* LaunchScreen.storyboard */ = {
			isa = PBXVariantGroup;
			children = (
				21E10946212ADA98007688AB /* Base */,
			);
			name = LaunchScreen.storyboard;
			sourceTree = "<group>";
		};
/* End PBXVariantGroup section */

/* Begin XCBuildConfiguration section */
		21E10949212ADA98007688AB /* Debug */ = {
			isa = XCBuildConfiguration;
			buildSettings = {
				ALWAYS_SEARCH_USER_PATHS = NO;
				CLANG_ANALYZER_NONNULL = YES;
				CLANG_ANALYZER_NUMBER_OBJECT_CONVERSION = YES_AGGRESSIVE;
				CLANG_CXX_LANGUAGE_STANDARD = "gnu++14";
				CLANG_CXX_LIBRARY = "libc++";
				CLANG_ENABLE_MODULES = YES;
				CLANG_ENABLE_OBJC_ARC = YES;
				CLANG_ENABLE_OBJC_WEAK = YES;
				CLANG_WARN_BLOCK_CAPTURE_AUTORELEASING = YES;
				CLANG_WARN_BOOL_CONVERSION = YES;
				CLANG_WARN_COMMA = YES;
				CLANG_WARN_CONSTANT_CONVERSION = YES;
				CLANG_WARN_DEPRECATED_OBJC_IMPLEMENTATIONS = YES;
				CLANG_WARN_DIRECT_OBJC_ISA_USAGE = YES_ERROR;
				CLANG_WARN_DOCUMENTATION_COMMENTS = YES;
				CLANG_WARN_EMPTY_BODY = YES;
				CLANG_WARN_ENUM_CONVERSION = YES;
				CLANG_WARN_INFINITE_RECURSION = YES;
				CLANG_WARN_INT_CONVERSION = YES;
				CLANG_WARN_NON_LITERAL_NULL_CONVERSION = YES;
				CLANG_WARN_OBJC_IMPLICIT_RETAIN_SELF = YES;
				CLANG_WARN_OBJC_LITERAL_CONVERSION = YES;
				CLANG_WARN_OBJC_ROOT_CLASS = YES_ERROR;
				CLANG_WARN_RANGE_LOOP_ANALYSIS = YES;
				CLANG_WARN_STRICT_PROTOTYPES = YES;
				CLANG_WARN_SUSPICIOUS_MOVE = YES;
				CLANG_WARN_UNGUARDED_AVAILABILITY = YES_AGGRESSIVE;
				CLANG_WARN_UNREACHABLE_CODE = YES;
				CLANG_WARN__DUPLICATE_METHOD_MATCH = YES;
				CODE_SIGN_IDENTITY = "iPhone Developer";
				COPY_PHASE_STRIP = NO;
				DEBUG_INFORMATION_FORMAT = dwarf;
				ENABLE_STRICT_OBJC_MSGSEND = YES;
				ENABLE_TESTABILITY = YES;
				GCC_C_LANGUAGE_STANDARD = gnu11;
				GCC_DYNAMIC_NO_PIC = NO;
				GCC_NO_COMMON_BLOCKS = YES;
				GCC_OPTIMIZATION_LEVEL = 0;
				GCC_PREPROCESSOR_DEFINITIONS = (
					"DEBUG=1",
					"$(inherited)",
				);
				GCC_WARN_64_TO_32_BIT_CONVERSION = YES;
				GCC_WARN_ABOUT_RETURN_TYPE = YES_ERROR;
				GCC_WARN_UNDECLARED_SELECTOR = YES;
				GCC_WARN_UNINITIALIZED_AUTOS = YES_AGGRESSIVE;
				GCC_WARN_UNUSED_FUNCTION = YES;
				GCC_WARN_UNUSED_VARIABLE = YES;
				IPHONEOS_DEPLOYMENT_TARGET = 12.0;
				MTL_ENABLE_DEBUG_INFO = INCLUDE_SOURCE;
				MTL_FAST_MATH = YES;
				ONLY_ACTIVE_ARCH = YES;
				SDKROOT = iphoneos;
				SWIFT_ACTIVE_COMPILATION_CONDITIONS = DEBUG;
				SWIFT_OPTIMIZATION_LEVEL = "-Onone";
			};
			name = Debug;
		};
		21E1094A212ADA98007688AB /* Release */ = {
			isa = XCBuildConfiguration;
			buildSettings = {
				ALWAYS_SEARCH_USER_PATHS = NO;
				CLANG_ANALYZER_NONNULL = YES;
				CLANG_ANALYZER_NUMBER_OBJECT_CONVERSION = YES_AGGRESSIVE;
				CLANG_CXX_LANGUAGE_STANDARD = "gnu++14";
				CLANG_CXX_LIBRARY = "libc++";
				CLANG_ENABLE_MODULES = YES;
				CLANG_ENABLE_OBJC_ARC = YES;
				CLANG_ENABLE_OBJC_WEAK = YES;
				CLANG_WARN_BLOCK_CAPTURE_AUTORELEASING = YES;
				CLANG_WARN_BOOL_CONVERSION = YES;
				CLANG_WARN_COMMA = YES;
				CLANG_WARN_CONSTANT_CONVERSION = YES;
				CLANG_WARN_DEPRECATED_OBJC_IMPLEMENTATIONS = YES;
				CLANG_WARN_DIRECT_OBJC_ISA_USAGE = YES_ERROR;
				CLANG_WARN_DOCUMENTATION_COMMENTS = YES;
				CLANG_WARN_EMPTY_BODY = YES;
				CLANG_WARN_ENUM_CONVERSION = YES;
				CLANG_WARN_INFINITE_RECURSION = YES;
				CLANG_WARN_INT_CONVERSION = YES;
				CLANG_WARN_NON_LITERAL_NULL_CONVERSION = YES;
				CLANG_WARN_OBJC_IMPLICIT_RETAIN_SELF = YES;
				CLANG_WARN_OBJC_LITERAL_CONVERSION = YES;
				CLANG_WARN_OBJC_ROOT_CLASS = YES_ERROR;
				CLANG_WARN_RANGE_LOOP_ANALYSIS = YES;
				CLANG_WARN_STRICT_PROTOTYPES = YES;
				CLANG_WARN_SUSPICIOUS_MOVE = YES;
				CLANG_WARN_UNGUARDED_AVAILABILITY = YES_AGGRESSIVE;
				CLANG_WARN_UNREACHABLE_CODE = YES;
				CLANG_WARN__DUPLICATE_METHOD_MATCH = YES;
				CODE_SIGN_IDENTITY = "iPhone Developer";
				COPY_PHASE_STRIP = NO;
				DEBUG_INFORMATION_FORMAT = "dwarf-with-dsym";
				ENABLE_NS_ASSERTIONS = NO;
				ENABLE_STRICT_OBJC_MSGSEND = YES;
				GCC_C_LANGUAGE_STANDARD = gnu11;
				GCC_NO_COMMON_BLOCKS = YES;
				GCC_WARN_64_TO_32_BIT_CONVERSION = YES;
				GCC_WARN_ABOUT_RETURN_TYPE = YES_ERROR;
				GCC_WARN_UNDECLARED_SELECTOR = YES;
				GCC_WARN_UNINITIALIZED_AUTOS = YES_AGGRESSIVE;
				GCC_WARN_UNUSED_FUNCTION = YES;
				GCC_WARN_UNUSED_VARIABLE = YES;
				IPHONEOS_DEPLOYMENT_TARGET = 12.0;
				MTL_ENABLE_DEBUG_INFO = NO;
				MTL_FAST_MATH = YES;
				SDKROOT = iphoneos;
				SWIFT_COMPILATION_MODE = wholemodule;
				SWIFT_OPTIMIZATION_LEVEL = "-O";
				VALIDATE_PRODUCT = YES;
			};
			name = Release;
		};
		21E1094C212ADA98007688AB /* Debug */ = {
			isa = XCBuildConfiguration;
			buildSettings = {
				ASSETCATALOG_COMPILER_APPICON_NAME = AppIcon;
				CODE_SIGN_STYLE = Automatic;
				DEVELOPMENT_TEAM = R78Q854ZRC;
				INFOPLIST_FILE = GroupedNotif/Info.plist;
				LD_RUNPATH_SEARCH_PATHS = (
					"$(inherited)",
					"@executable_path/Frameworks",
				);
				PRODUCT_BUNDLE_IDENTIFIER = com.wildine.groupednotif;
				PRODUCT_NAME = "$(TARGET_NAME)";
				SWIFT_VERSION = 4.2;
				TARGETED_DEVICE_FAMILY = "1,2";
			};
			name = Debug;
		};
		21E1094D212ADA98007688AB /* Release */ = {
			isa = XCBuildConfiguration;
			buildSettings = {
				ASSETCATALOG_COMPILER_APPICON_NAME = AppIcon;
				CODE_SIGN_STYLE = Automatic;
				DEVELOPMENT_TEAM = R78Q854ZRC;
				INFOPLIST_FILE = GroupedNotif/Info.plist;
				LD_RUNPATH_SEARCH_PATHS = (
					"$(inherited)",
					"@executable_path/Frameworks",
				);
				PRODUCT_BUNDLE_IDENTIFIER = com.wildine.groupednotif;
				PRODUCT_NAME = "$(TARGET_NAME)";
				SWIFT_VERSION = 4.2;
				TARGETED_DEVICE_FAMILY = "1,2";
			};
			name = Release;
		};
/* End XCBuildConfiguration section */

/* Begin XCConfigurationList section */
		21E10934212ADA96007688AB /* Build configuration list for PBXProject "GroupedNotif" */ = {
			isa = XCConfigurationList;
			buildConfigurations = (
				21E10949212ADA98007688AB /* Debug */,
				21E1094A212ADA98007688AB /* Release */,
			);
			defaultConfigurationIsVisible = 0;
			defaultConfigurationName = Release;
		};
		21E1094B212ADA98007688AB /* Build configuration list for PBXNativeTarget "GroupedNotif" */ = {
			isa = XCConfigurationList;
			buildConfigurations = (
				21E1094C212ADA98007688AB /* Debug */,
				21E1094D212ADA98007688AB /* Release */,
			);
			defaultConfigurationIsVisible = 0;
			defaultConfigurationName = Release;
		};
/* End XCConfigurationList section */
	};
	rootObject = 21E10931212ADA96007688AB /* Project object */;
}
